
Microsoft Visual Studio Solution File, Format Version 12.00
Project("{FAE04EC0-301F-11D3-BF4B-00C04F79EFBC}") = "Chip8.VirtualMachine", "Chip8.VirtualMachine\Chip8.VirtualMachine.csproj", "{BBA53CB5-5CBE-4B61-A9A4-121114EB7F03}"
EndProject
Project("{FAE04EC0-301F-11D3-BF4B-00C04F79EFBC}") = "Chip8.VirtualMachine.Tests", "Chip8.VirtualMachine.Tests\Chip8.VirtualMachine.Tests.csproj", "{82BCFFC9-D60F-47BD-B158-838FDFAEAB99}"
EndProject
Project("{FAE04EC0-301F-11D3-BF4B-00C04F79EFBC}") = "Chip8.CLI", "Chip8.CLI\Chip8.CLI.csproj", "{E4CCCDF6-D856-423E-AB11-5D498907B411}"
EndProject
Project("{FAE04EC0-301F-11D3-BF4B-00C04F79EFBC}") = "Chip8.Display", "Chip8.Display\Chip8.Display.csproj", "{0CA997A5-9F3C-48DC-A758-E2AC5FB32044}"
EndProject
Project("{FAE04EC0-301F-11D3-BF4B-00C04F79EFBC}") = "Chip8.Display.Console", "Chip8.Display.Console\Chip8.Display.Console.csproj", "{F8817D3C-8131-437C-8028-8BF31A391CAD}"
EndProject
Project("{FAE04EC0-301F-11D3-BF4B-00C04F79EFBC}") = "Chip8.Disassembler", "Chip8.Disassembler\Chip8.Disassembler.csproj", "{94A3461E-A9B5-43F2-A4FB-277E9B0E14E2}"
EndProject
Project("{FAE04EC0-301F-11D3-BF4B-00C04F79EFBC}") = "Chip8.RomReader", "Chip8.RomReader\Chip8.RomReader.csproj", "{2E33DAF3-60D5-4667-B1F0-252EAB54DA11}"
EndProject
Project("{FAE04EC0-301F-11D3-BF4B-00C04F79EFBC}") = "Chip8.Utilities", "Chip8.Utilities\Chip8.Utilities.csproj", "{A6B7EFBF-4E8A-471F-B666-1DEE5DBB8EDA}"
EndProject
Project("{FAE04EC0-301F-11D3-BF4B-00C04F79EFBC}") = "Chip8.Utilities.Tests", "Chip8.Utilities.Tests\Chip8.Utilities.Tests.csproj", "{3970F39F-F90D-4EC9-BC41-3D7C9AE554D4}"
EndProject
Project("{FAE04EC0-301F-11D3-BF4B-00C04F79EFBC}") = "Chip8.Disassembler.Tests", "Chip8.Disassembler.Tests\Chip8.Disassembler.Tests.csproj", "{A18CF3C2-B029-485A-84E1-CA0D1AA45087}"
EndProject
Global
	GlobalSection(SolutionConfigurationPlatforms) = preSolution
		Debug|Any CPU = Debug|Any CPU
		Release|Any CPU = Release|Any CPU
	EndGlobalSection
	GlobalSection(ProjectConfigurationPlatforms) = postSolution
		{BBA53CB5-5CBE-4B61-A9A4-121114EB7F03}.Debug|Any CPU.ActiveCfg = Debug|Any CPU
		{BBA53CB5-5CBE-4B61-A9A4-121114EB7F03}.Debug|Any CPU.Build.0 = Debug|Any CPU
		{BBA53CB5-5CBE-4B61-A9A4-121114EB7F03}.Release|Any CPU.ActiveCfg = Release|Any CPU
		{BBA53CB5-5CBE-4B61-A9A4-121114EB7F03}.Release|Any CPU.Build.0 = Release|Any CPU
		{82BCFFC9-D60F-47BD-B158-838FDFAEAB99}.Debug|Any CPU.ActiveCfg = Debug|Any CPU
		{82BCFFC9-D60F-47BD-B158-838FDFAEAB99}.Debug|Any CPU.Build.0 = Debug|Any CPU
		{82BCFFC9-D60F-47BD-B158-838FDFAEAB99}.Release|Any CPU.ActiveCfg = Release|Any CPU
		{82BCFFC9-D60F-47BD-B158-838FDFAEAB99}.Release|Any CPU.Build.0 = Release|Any CPU
		{E4CCCDF6-D856-423E-AB11-5D498907B411}.Debug|Any CPU.ActiveCfg = Debug|Any CPU
		{E4CCCDF6-D856-423E-AB11-5D498907B411}.Debug|Any CPU.Build.0 = Debug|Any CPU
		{E4CCCDF6-D856-423E-AB11-5D498907B411}.Release|Any CPU.ActiveCfg = Release|Any CPU
		{E4CCCDF6-D856-423E-AB11-5D498907B411}.Release|Any CPU.Build.0 = Release|Any CPU
		{0CA997A5-9F3C-48DC-A758-E2AC5FB32044}.Debug|Any CPU.ActiveCfg = Debug|Any CPU
		{0CA997A5-9F3C-48DC-A758-E2AC5FB32044}.Debug|Any CPU.Build.0 = Debug|Any CPU
		{0CA997A5-9F3C-48DC-A758-E2AC5FB32044}.Release|Any CPU.ActiveCfg = Release|Any CPU
		{0CA997A5-9F3C-48DC-A758-E2AC5FB32044}.Release|Any CPU.Build.0 = Release|Any CPU
		{F8817D3C-8131-437C-8028-8BF31A391CAD}.Debug|Any CPU.ActiveCfg = Debug|Any CPU
		{F8817D3C-8131-437C-8028-8BF31A391CAD}.Debug|Any CPU.Build.0 = Debug|Any CPU
		{F8817D3C-8131-437C-8028-8BF31A391CAD}.Release|Any CPU.ActiveCfg = Release|Any CPU
		{F8817D3C-8131-437C-8028-8BF31A391CAD}.Release|Any CPU.Build.0 = Release|Any CPU
		{94A3461E-A9B5-43F2-A4FB-277E9B0E14E2}.Debug|Any CPU.ActiveCfg = Debug|Any CPU
		{94A3461E-A9B5-43F2-A4FB-277E9B0E14E2}.Debug|Any CPU.Build.0 = Debug|Any CPU
		{94A3461E-A9B5-43F2-A4FB-277E9B0E14E2}.Release|Any CPU.ActiveCfg = Release|Any CPU
		{94A3461E-A9B5-43F2-A4FB-277E9B0E14E2}.Release|Any CPU.Build.0 = Release|Any CPU
		{2E33DAF3-60D5-4667-B1F0-252EAB54DA11}.Debug|Any CPU.ActiveCfg = Debug|Any CPU
		{2E33DAF3-60D5-4667-B1F0-252EAB54DA11}.Debug|Any CPU.Build.0 = Debug|Any CPU
		{2E33DAF3-60D5-4667-B1F0-252EAB54DA11}.Release|Any CPU.ActiveCfg = Release|Any CPU
		{2E33DAF3-60D5-4667-B1F0-252EAB54DA11}.Release|Any CPU.Build.0 = Release|Any CPU
		{A6B7EFBF-4E8A-471F-B666-1DEE5DBB8EDA}.Debug|Any CPU.ActiveCfg = Debug|Any CPU
		{A6B7EFBF-4E8A-471F-B666-1DEE5DBB8EDA}.Debug|Any CPU.Build.0 = Debug|Any CPU
		{A6B7EFBF-4E8A-471F-B666-1DEE5DBB8EDA}.Release|Any CPU.ActiveCfg = Release|Any CPU
		{A6B7EFBF-4E8A-471F-B666-1DEE5DBB8EDA}.Release|Any CPU.Build.0 = Release|Any CPU
		{3970F39F-F90D-4EC9-BC41-3D7C9AE554D4}.Debug|Any CPU.ActiveCfg = Debug|Any CPU
		{3970F39F-F90D-4EC9-BC41-3D7C9AE554D4}.Debug|Any CPU.Build.0 = Debug|Any CPU
		{3970F39F-F90D-4EC9-BC41-3D7C9AE554D4}.Release|Any CPU.ActiveCfg = Release|Any CPU
		{3970F39F-F90D-4EC9-BC41-3D7C9AE554D4}.Release|Any CPU.Build.0 = Release|Any CPU
		{A18CF3C2-B029-485A-84E1-CA0D1AA45087}.Debug|Any CPU.ActiveCfg = Debug|Any CPU
		{A18CF3C2-B029-485A-84E1-CA0D1AA45087}.Debug|Any CPU.Build.0 = Debug|Any CPU
		{A18CF3C2-B029-485A-84E1-CA0D1AA45087}.Release|Any CPU.ActiveCfg = Release|Any CPU
		{A18CF3C2-B029-485A-84E1-CA0D1AA45087}.Release|Any CPU.Build.0 = Release|Any CPU
	EndGlobalSection
EndGlobal
